# THIS IS AN AUTOGENERATED FILE. DO NOT EDIT THIS FILE DIRECTLY.
# yarn lockfile v1
# bun ./bun.lockb --hash: D817B291772E3BA3-8eac45d4e2706ab7-349152E000890952-d15f56de6ca7b3f5


"@biomejs/biome@^1.9.4":
  version "1.9.4"
  resolved "https://registry.npmjs.org/@biomejs/biome/-/biome-1.9.4.tgz"
  integrity sha512-1rkd7G70+o9KkTn5KLmDYXihGoTaIGO9PIIN2ZB7UJxFrWw04CZHPYiMRjYsaDvVV7hP1dYNRLxSANLaBFGpog==
  optionalDependencies:
    "@biomejs/cli-linux-x64" "1.9.4"
    "@biomejs/cli-win32-x64" "1.9.4"
    "@biomejs/cli-darwin-x64" "1.9.4"
    "@biomejs/cli-linux-arm64" "1.9.4"
    "@biomejs/cli-win32-arm64" "1.9.4"
    "@biomejs/cli-darwin-arm64" "1.9.4"
    "@biomejs/cli-linux-x64-musl" "1.9.4"
    "@biomejs/cli-linux-arm64-musl" "1.9.4"

"@biomejs/cli-darwin-arm64@1.9.4":
  version "1.9.4"
  resolved "https://registry.npmjs.org/@biomejs/cli-darwin-arm64/-/cli-darwin-arm64-1.9.4.tgz"
  integrity sha512-bFBsPWrNvkdKrNCYeAp+xo2HecOGPAy9WyNyB/jKnnedgzl4W4Hb9ZMzYNbf8dMCGmUdSavlYHiR01QaYR58cw==

"@biomejs/cli-darwin-x64@1.9.4":
  version "1.9.4"
  resolved "https://registry.npmjs.org/@biomejs/cli-darwin-x64/-/cli-darwin-x64-1.9.4.tgz"
  integrity sha512-ngYBh/+bEedqkSevPVhLP4QfVPCpb+4BBe2p7Xs32dBgs7rh9nY2AIYUL6BgLw1JVXV8GlpKmb/hNiuIxfPfZg==

"@biomejs/cli-linux-arm64@1.9.4":
  version "1.9.4"
  resolved "https://registry.npmjs.org/@biomejs/cli-linux-arm64/-/cli-linux-arm64-1.9.4.tgz"
  integrity sha512-fJIW0+LYujdjUgJJuwesP4EjIBl/N/TcOX3IvIHJQNsAqvV2CHIogsmA94BPG6jZATS4Hi+xv4SkBBQSt1N4/g==

"@biomejs/cli-linux-arm64-musl@1.9.4":
  version "1.9.4"
  resolved "https://registry.npmjs.org/@biomejs/cli-linux-arm64-musl/-/cli-linux-arm64-musl-1.9.4.tgz"
  integrity sha512-v665Ct9WCRjGa8+kTr0CzApU0+XXtRgwmzIf1SeKSGAv+2scAlW6JR5PMFo6FzqqZ64Po79cKODKf3/AAmECqA==

"@biomejs/cli-linux-x64@1.9.4":
  version "1.9.4"
  resolved "https://registry.npmjs.org/@biomejs/cli-linux-x64/-/cli-linux-x64-1.9.4.tgz"
  integrity sha512-lRCJv/Vi3Vlwmbd6K+oQ0KhLHMAysN8lXoCI7XeHlxaajk06u7G+UsFSO01NAs5iYuWKmVZjmiOzJ0OJmGsMwg==

"@biomejs/cli-linux-x64-musl@1.9.4":
  version "1.9.4"
  resolved "https://registry.npmjs.org/@biomejs/cli-linux-x64-musl/-/cli-linux-x64-musl-1.9.4.tgz"
  integrity sha512-gEhi/jSBhZ2m6wjV530Yy8+fNqG8PAinM3oV7CyO+6c3CEh16Eizm21uHVsyVBEB6RIM8JHIl6AGYCv6Q6Q9Tg==

"@biomejs/cli-win32-arm64@1.9.4":
  version "1.9.4"
  resolved "https://registry.npmjs.org/@biomejs/cli-win32-arm64/-/cli-win32-arm64-1.9.4.tgz"
  integrity sha512-tlbhLk+WXZmgwoIKwHIHEBZUwxml7bRJgk0X2sPyNR3S93cdRq6XulAZRQJ17FYGGzWne0fgrXBKpl7l4M87Hg==

"@biomejs/cli-win32-x64@1.9.4":
  version "1.9.4"
  resolved "https://registry.npmjs.org/@biomejs/cli-win32-x64/-/cli-win32-x64-1.9.4.tgz"
  integrity sha512-8Y5wMhVIPaWe6jw2H+KlEm4wP/f7EW3810ZLmDlrEEy5KvBsb9ECEfu/kMWD484ijfQ8+nIi0giMgu9g1UAuuA==

"@types/bun@^1.1.13":
  version "1.1.13"
  resolved "https://registry.npmjs.org/@types/bun/-/bun-1.1.13.tgz"
  integrity sha512-KmQxSBgVWCl6RSuerlLGZlIWfdxkKqat0nxN61+qu4y1KDn0Ll3j7v1Pl8GnaL3a/U6GGWVTJh75ap62kR1E8Q==
  dependencies:
    bun-types "1.1.34"

"@types/node@*", "@types/node@~20.12.8":
  version "20.12.14"
  resolved "https://registry.npmjs.org/@types/node/-/node-20.12.14.tgz"
  integrity sha512-scnD59RpYD91xngrQQLGkE+6UrHUPzeKZWhhjBSa3HSkwjbQc38+q3RoIVEwxQGRw3M+j5hpNAM+lgV3cVormg==
  dependencies:
    undici-types "~5.26.4"

"@types/ws@~8.5.10":
  version "8.5.12"
  resolved "https://registry.npmjs.org/@types/ws/-/ws-8.5.12.tgz"
  integrity sha512-3tPRkv1EtkDpzlgyKyI8pGsGZAGPEaXeu0DOj5DI25Ja91bdAYddYHbADRYVrZMRbfW+1l5YwXVDKohDJNQxkQ==
  dependencies:
    "@types/node" "*"

bun-types@1.1.34:
  version "1.1.34"
  resolved "https://registry.npmjs.org/bun-types/-/bun-types-1.1.34.tgz"
  integrity sha512-br5QygTEL/TwB4uQOb96Ky22j4Gq2WxWH/8Oqv20fk5HagwKXo/akB+LiYgSfzexCt6kkcUaVm+bKiPl71xPvw==
  dependencies:
    "@types/ws" "~8.5.10"
    "@types/node" "~20.12.8"

lefthook@^1.8.2:
  version "1.8.2"
  resolved "https://registry.npmjs.org/lefthook/-/lefthook-1.8.2.tgz"
  integrity sha512-lMXbcFHNDr+gzy/7ghuJDVB/Yyycj+ZL/7pN3Gm/s5Xqrc9+5sj3IrDAPylcEJ1cKCbUnXbwESrhhqpcYv4d4g==
  optionalDependencies:
    lefthook-darwin-arm64 "1.8.2"
    lefthook-darwin-x64 "1.8.2"
    lefthook-linux-arm64 "1.8.2"
    lefthook-linux-x64 "1.8.2"
    lefthook-freebsd-arm64 "1.8.2"
    lefthook-freebsd-x64 "1.8.2"
    lefthook-openbsd-arm64 "1.8.2"
    lefthook-openbsd-x64 "1.8.2"
    lefthook-windows-arm64 "1.8.2"
    lefthook-windows-x64 "1.8.2"

lefthook-darwin-arm64@1.8.2:
  version "1.8.2"
  resolved "https://registry.npmjs.org/lefthook-darwin-arm64/-/lefthook-darwin-arm64-1.8.2.tgz"
  integrity sha512-g41SoFUv8SzHpG1NOPkHUEPhC1tJM5FF3Vo+HESmLmL9cDfd7JncHFPy59rVnC9Q8nOS0rvoik5HTq+3/wcfww==

lefthook-darwin-x64@1.8.2:
  version "1.8.2"
  resolved "https://registry.npmjs.org/lefthook-darwin-x64/-/lefthook-darwin-x64-1.8.2.tgz"
  integrity sha512-IlCm4PrA/aAZ1MChiExYTbladC87GaxmYHOMHCeChLecqn+lypAuiYLgf7w5r2s3MjH5rbXImfU925NRKi6RXQ==

lefthook-freebsd-arm64@1.8.2:
  version "1.8.2"
  resolved "https://registry.npmjs.org/lefthook-freebsd-arm64/-/lefthook-freebsd-arm64-1.8.2.tgz"
  integrity sha512-f7AIvuIEXUUR1ZutIFxjYKFDAVUBrdsLm+cbwOCjdfpJh7j2Fjg6nKXbDcglPXlX9Ix+nw9pHbJE2DAgzkI1Vw==

lefthook-freebsd-x64@1.8.2:
  version "1.8.2"
  resolved "https://registry.npmjs.org/lefthook-freebsd-x64/-/lefthook-freebsd-x64-1.8.2.tgz"
  integrity sha512-DSDL64fRLSNSWOa1y2bGXwXPiwU1fbAXpj63j6jeQ0jkgu6k+3XL/PBXKh80cI6MvCKz/KQKCtIencXZZ2Ua4Q==

lefthook-linux-arm64@1.8.2:
  version "1.8.2"
  resolved "https://registry.npmjs.org/lefthook-linux-arm64/-/lefthook-linux-arm64-1.8.2.tgz"
  integrity sha512-sJ95X+ZH8ayIE7ApiGEq5ZF9KGA+eKiocJU+536bLbAIHw5WjGmv2x3llFqUxH/zAmLe3k542oZ4d84wEO0EGQ==

lefthook-linux-x64@1.8.2:
  version "1.8.2"
  resolved "https://registry.npmjs.org/lefthook-linux-x64/-/lefthook-linux-x64-1.8.2.tgz"
  integrity sha512-2eirc61M0WjlbSHamAgGf9iWsQTYz4IT6PAPm66vUaeG34+5D66xFicIV6pK2niRGUOPtNs8Kt4lboKtW+ba5g==

lefthook-openbsd-arm64@1.8.2:
  version "1.8.2"
  resolved "https://registry.npmjs.org/lefthook-openbsd-arm64/-/lefthook-openbsd-arm64-1.8.2.tgz"
  integrity sha512-ZMop7htaSwP3MiL06WHUV36EX05N33o0WzNzC8NO5KEubn8Z74vbXcaq6qYezmgi+erkG6dtTnlbcZy5PFvFIA==

lefthook-openbsd-x64@1.8.2:
  version "1.8.2"
  resolved "https://registry.npmjs.org/lefthook-openbsd-x64/-/lefthook-openbsd-x64-1.8.2.tgz"
  integrity sha512-jXFoxmpYXO6ZafgQJVvk3MYlRgOBJD3n7H8A1Bj1E2yrLzOhKevUKlTNwZTxQdxlnvoo33yD6SjVSujZavEGpw==

lefthook-windows-arm64@1.8.2:
  version "1.8.2"
  resolved "https://registry.npmjs.org/lefthook-windows-arm64/-/lefthook-windows-arm64-1.8.2.tgz"
  integrity sha512-hsQUSk6kmB8E0UMD3Mk6ROoa7qv6XmigfPsn9tFjmbZ2aO+kpBfWitZ5v+gcjNp44yaECs3YTMIfv3QFwXlRCw==

lefthook-windows-x64@1.8.2:
  version "1.8.2"
  resolved "https://registry.npmjs.org/lefthook-windows-x64/-/lefthook-windows-x64-1.8.2.tgz"
  integrity sha512-YypbMhvgAtkL7y+O3OlF81vwua7X4jloBz5hO3fILAuzaGAiPE1VbeuqRweV8VuKK4L/ZVVKqmpesygBUNDp9w==

typescript@^5.6.3:
  version "5.6.3"
  resolved "https://registry.npmjs.org/typescript/-/typescript-5.6.3.tgz"
  integrity sha512-hjcS1mhfuyi4WW8IWtjP7brDrG2cuDZukyrYrSauoXGNgx0S7zceP07adYkJycEr56BOUTNPzbInooiN3fn1qw==

undici-types@~5.26.4:
  version "5.26.5"
  resolved "https://registry.npmjs.org/undici-types/-/undici-types-5.26.5.tgz"
  integrity sha512-JlCMO+ehdEIKqlFxk6IfVoAUVmgz7cU7zD/h9XZ0qzeosSHmUJVOzSQvvYSYWXkFXC+IfLKSIffhv0sVZup6pA==
